
Microsoft Visual Studio Solution File, Format Version 12.00
# Visual Studio Version 16
VisualStudioVersion = 16.0.31911.196
MinimumVisualStudioVersion = 10.0.40219.1
Project("{FAE04EC0-301F-11D3-BF4B-00C04F79EFBC}") = "Bio", "Bio.csproj", "{AAA57C73-81DE-4AED-B074-C9178B35B3A2}"
EndProject
Global
	GlobalSection(SolutionConfigurationPlatforms) = preSolution
		Debug|Any CPU = Debug|Any CPU
		Release|Any CPU = Release|Any CPU
	EndGlobalSection
	GlobalSection(ProjectConfigurationPlatforms) = postSolution
		{AAA57C73-81DE-4AED-B074-C9178B35B3A2}.Debug|Any CPU.ActiveCfg = Debug|Any CPU
		{AAA57C73-81DE-4AED-B074-C9178B35B3A2}.Debug|Any CPU.Build.0 = Debug|Any CPU
		{AAA57C73-81DE-4AED-B074-C9178B35B3A2}.Release|Any CPU.ActiveCfg = Release|Any CPU
		{AAA57C73-81DE-4AED-B074-C9178B35B3A2}.Release|Any CPU.Build.0 = Release|Any CPU
	EndGlobalSection
	GlobalSection(SolutionProperties) = preSolution
		HideSolutionNode = FALSE
	EndGlobalSection
	GlobalSection(ExtensibilityGlobals) = postSolution
		SolutionGuid = {6A55BE29-44A4-4475-BDDB-20243A098334}
	EndGlobalSection
EndGlobal
